
Microsoft Visual Studio Solution File, Format Version 12.00
# Visual Studio 14
VisualStudioVersion = 14.0.25420.1
MinimumVisualStudioVersion = 10.0.40219.1
Project("{FAE04EC0-301F-11D3-BF4B-00C04F79EFBC}") = "CustomerService", "CustomerService\CustomerService.csproj", "{48AAAD4D-BE1D-4062-B506-4B0B6FDFE5B8}"
EndProject
Project("{FAE04EC0-301F-11D3-BF4B-00C04F79EFBC}") = "CustomerService.Tests", "CustomerService.Tests\CustomerService.Tests.csproj", "{A90B751E-7127-4406-833E-0FEEA5FCC010}"
EndProject
Project("{FAE04EC0-301F-11D3-BF4B-00C04F79EFBC}") = "Customer.WebApi", "Customer.WebApi\Customer.WebApi.csproj", "{BE692B05-B42E-44E4-8A24-D4E1D3CFE3EA}"
EndProject
Global
	GlobalSection(SolutionConfigurationPlatforms) = preSolution
		Debug|Any CPU = Debug|Any CPU
		Release|Any CPU = Release|Any CPU
	EndGlobalSection
	GlobalSection(ProjectConfigurationPlatforms) = postSolution
		{48AAAD4D-BE1D-4062-B506-4B0B6FDFE5B8}.Debug|Any CPU.ActiveCfg = Debug|Any CPU
		{48AAAD4D-BE1D-4062-B506-4B0B6FDFE5B8}.Debug|Any CPU.Build.0 = Debug|Any CPU
		{48AAAD4D-BE1D-4062-B506-4B0B6FDFE5B8}.Release|Any CPU.ActiveCfg = Release|Any CPU
		{48AAAD4D-BE1D-4062-B506-4B0B6FDFE5B8}.Release|Any CPU.Build.0 = Release|Any CPU
		{A90B751E-7127-4406-833E-0FEEA5FCC010}.Debug|Any CPU.ActiveCfg = Debug|Any CPU
		{A90B751E-7127-4406-833E-0FEEA5FCC010}.Debug|Any CPU.Build.0 = Debug|Any CPU
		{A90B751E-7127-4406-833E-0FEEA5FCC010}.Release|Any CPU.ActiveCfg = Release|Any CPU
		{A90B751E-7127-4406-833E-0FEEA5FCC010}.Release|Any CPU.Build.0 = Release|Any CPU
		{BE692B05-B42E-44E4-8A24-D4E1D3CFE3EA}.Debug|Any CPU.ActiveCfg = Debug|Any CPU
		{BE692B05-B42E-44E4-8A24-D4E1D3CFE3EA}.Debug|Any CPU.Build.0 = Debug|Any CPU
		{BE692B05-B42E-44E4-8A24-D4E1D3CFE3EA}.Release|Any CPU.ActiveCfg = Release|Any CPU
		{BE692B05-B42E-44E4-8A24-D4E1D3CFE3EA}.Release|Any CPU.Build.0 = Release|Any CPU
	EndGlobalSection
	GlobalSection(SolutionProperties) = preSolution
		HideSolutionNode = FALSE
	EndGlobalSection
EndGlobal
